# This file is automatically @generated by Poetry 1.6.1 and should not be changed by hand.

[[package]]
name = "asciitree"
version = "0.3.3"
description = "Draws ASCII trees."
optional = false
python-versions = "*"
files = [
    {file = "asciitree-0.3.3.tar.gz", hash = "sha256:4aa4b9b649f85e3fcb343363d97564aa1fb62e249677f2e18a96765145cc0f6e"},
]

[[package]]
name = "fasteners"
version = "0.19"
description = "A python package that provides useful locks"
optional = false
python-versions = ">=3.6"
files = [
    {file = "fasteners-0.19-py3-none-any.whl", hash = "sha256:758819cb5d94cdedf4e836988b74de396ceacb8e2794d21f82d131fd9ee77237"},
    {file = "fasteners-0.19.tar.gz", hash = "sha256:b4f37c3ac52d8a445af3a66bce57b33b5e90b97c696b7b984f530cf8f0ded09c"},
]

[[package]]
name = "numcodecs"
version = "0.12.1"
description = "A Python package providing buffer compression and transformation codecs for use in data storage and communication applications."
optional = false
python-versions = ">=3.8"
files = [
    {file = "numcodecs-0.12.1-cp310-cp310-macosx_10_9_x86_64.whl", hash = "sha256:d37f628fe92b3699e65831d5733feca74d2e33b50ef29118ffd41c13c677210e"},
    {file = "numcodecs-0.12.1-cp310-cp310-macosx_11_0_arm64.whl", hash = "sha256:941b7446b68cf79f089bcfe92edaa3b154533dcbcd82474f994b28f2eedb1c60"},
    {file = "numcodecs-0.12.1-cp310-cp310-manylinux_2_17_x86_64.manylinux2014_x86_64.whl", hash = "sha256:0e79bf9d1d37199ac00a60ff3adb64757523291d19d03116832e600cac391c51"},
    {file = "numcodecs-0.12.1-cp310-cp310-win_amd64.whl", hash = "sha256:82d7107f80f9307235cb7e74719292d101c7ea1e393fe628817f0d635b7384f5"},
    {file = "numcodecs-0.12.1-cp311-cp311-macosx_10_9_x86_64.whl", hash = "sha256:eeaf42768910f1c6eebf6c1bb00160728e62c9343df9e2e315dc9fe12e3f6071"},
    {file = "numcodecs-0.12.1-cp311-cp311-macosx_11_0_arm64.whl", hash = "sha256:135b2d47563f7b9dc5ee6ce3d1b81b0f1397f69309e909f1a35bb0f7c553d45e"},
    {file = "numcodecs-0.12.1-cp311-cp311-manylinux_2_17_x86_64.manylinux2014_x86_64.whl", hash = "sha256:a191a8e347ecd016e5c357f2bf41fbcb026f6ffe78fff50c77ab12e96701d155"},
    {file = "numcodecs-0.12.1-cp311-cp311-win_amd64.whl", hash = "sha256:21d8267bd4313f4d16f5b6287731d4c8ebdab236038f29ad1b0e93c9b2ca64ee"},
    {file = "numcodecs-0.12.1-cp312-cp312-macosx_10_9_x86_64.whl", hash = "sha256:2f84df6b8693206365a5b37c005bfa9d1be486122bde683a7b6446af4b75d862"},
    {file = "numcodecs-0.12.1-cp312-cp312-macosx_11_0_arm64.whl", hash = "sha256:760627780a8b6afdb7f942f2a0ddaf4e31d3d7eea1d8498cf0fd3204a33c4618"},
    {file = "numcodecs-0.12.1-cp312-cp312-manylinux_2_17_x86_64.manylinux2014_x86_64.whl", hash = "sha256:c258bd1d3dfa75a9b708540d23b2da43d63607f9df76dfa0309a7597d1de3b73"},
    {file = "numcodecs-0.12.1-cp312-cp312-win_amd64.whl", hash = "sha256:e04649ea504aff858dbe294631f098fbfd671baf58bfc04fc48d746554c05d67"},
    {file = "numcodecs-0.12.1-cp38-cp38-macosx_10_9_x86_64.whl", hash = "sha256:caf1a1e6678aab9c1e29d2109b299f7a467bd4d4c34235b1f0e082167846b88f"},
    {file = "numcodecs-0.12.1-cp38-cp38-macosx_11_0_arm64.whl", hash = "sha256:c17687b1fd1fef68af616bc83f896035d24e40e04e91e7e6dae56379eb59fe33"},
    {file = "numcodecs-0.12.1-cp38-cp38-manylinux_2_17_x86_64.manylinux2014_x86_64.whl", hash = "sha256:29dfb195f835a55c4d490fb097aac8c1bcb96c54cf1b037d9218492c95e9d8c5"},
    {file = "numcodecs-0.12.1-cp38-cp38-win_amd64.whl", hash = "sha256:2f1ba2f4af3fd3ba65b1bcffb717fe65efe101a50a91c368f79f3101dbb1e243"},
    {file = "numcodecs-0.12.1-cp39-cp39-macosx_10_9_x86_64.whl", hash = "sha256:2fbb12a6a1abe95926f25c65e283762d63a9bf9e43c0de2c6a1a798347dfcb40"},
    {file = "numcodecs-0.12.1-cp39-cp39-macosx_11_0_arm64.whl", hash = "sha256:f2207871868b2464dc11c513965fd99b958a9d7cde2629be7b2dc84fdaab013b"},
    {file = "numcodecs-0.12.1-cp39-cp39-manylinux_2_17_x86_64.manylinux2014_x86_64.whl", hash = "sha256:abff3554a6892a89aacf7b642a044e4535499edf07aeae2f2e6e8fc08c9ba07f"},
    {file = "numcodecs-0.12.1-cp39-cp39-win_amd64.whl", hash = "sha256:ef964d4860d3e6b38df0633caf3e51dc850a6293fd8e93240473642681d95136"},
    {file = "numcodecs-0.12.1.tar.gz", hash = "sha256:05d91a433733e7eef268d7e80ec226a0232da244289614a8f3826901aec1098e"},
]

[package.dependencies]
numpy = ">=1.7"

[package.extras]
docs = ["mock", "numpydoc", "sphinx (<7.0.0)", "sphinx-issues"]
msgpack = ["msgpack"]
test = ["coverage", "flake8", "pytest", "pytest-cov"]
test-extras = ["importlib-metadata"]
zfpy = ["zfpy (>=1.0.0)"]

[[package]]
name = "numpy"
version = "1.26.3"
description = "Fundamental package for array computing in Python"
optional = false
python-versions = ">=3.9"
files = [
    {file = "numpy-1.26.3-cp310-cp310-macosx_10_9_x86_64.whl", hash = "sha256:806dd64230dbbfaca8a27faa64e2f414bf1c6622ab78cc4264f7f5f028fee3bf"},
    {file = "numpy-1.26.3-cp310-cp310-macosx_11_0_arm64.whl", hash = "sha256:02f98011ba4ab17f46f80f7f8f1c291ee7d855fcef0a5a98db80767a468c85cd"},
    {file = "numpy-1.26.3-cp310-cp310-manylinux_2_17_aarch64.manylinux2014_aarch64.whl", hash = "sha256:6d45b3ec2faed4baca41c76617fcdcfa4f684ff7a151ce6fc78ad3b6e85af0a6"},
    {file = "numpy-1.26.3-cp310-cp310-manylinux_2_17_x86_64.manylinux2014_x86_64.whl", hash = "sha256:bdd2b45bf079d9ad90377048e2747a0c82351989a2165821f0c96831b4a2a54b"},
    {file = "numpy-1.26.3-cp310-cp310-musllinux_1_1_aarch64.whl", hash = "sha256:211ddd1e94817ed2d175b60b6374120244a4dd2287f4ece45d49228b4d529178"},
    {file = "numpy-1.26.3-cp310-cp310-musllinux_1_1_x86_64.whl", hash = "sha256:b1240f767f69d7c4c8a29adde2310b871153df9b26b5cb2b54a561ac85146485"},
    {file = "numpy-1.26.3-cp310-cp310-win32.whl", hash = "sha256:21a9484e75ad018974a2fdaa216524d64ed4212e418e0a551a2d83403b0531d3"},
    {file = "numpy-1.26.3-cp310-cp310-win_amd64.whl", hash = "sha256:9e1591f6ae98bcfac2a4bbf9221c0b92ab49762228f38287f6eeb5f3f55905ce"},
    {file = "numpy-1.26.3-cp311-cp311-macosx_10_9_x86_64.whl", hash = "sha256:b831295e5472954104ecb46cd98c08b98b49c69fdb7040483aff799a755a7374"},
    {file = "numpy-1.26.3-cp311-cp311-macosx_11_0_arm64.whl", hash = "sha256:9e87562b91f68dd8b1c39149d0323b42e0082db7ddb8e934ab4c292094d575d6"},
    {file = "numpy-1.26.3-cp311-cp311-manylinux_2_17_aarch64.manylinux2014_aarch64.whl", hash = "sha256:8c66d6fec467e8c0f975818c1796d25c53521124b7cfb760114be0abad53a0a2"},
    {file = "numpy-1.26.3-cp311-cp311-manylinux_2_17_x86_64.manylinux2014_x86_64.whl", hash = "sha256:f25e2811a9c932e43943a2615e65fc487a0b6b49218899e62e426e7f0a57eeda"},
    {file = "numpy-1.26.3-cp311-cp311-musllinux_1_1_aarch64.whl", hash = "sha256:af36e0aa45e25c9f57bf684b1175e59ea05d9a7d3e8e87b7ae1a1da246f2767e"},
    {file = "numpy-1.26.3-cp311-cp311-musllinux_1_1_x86_64.whl", hash = "sha256:51c7f1b344f302067b02e0f5b5d2daa9ed4a721cf49f070280ac202738ea7f00"},
    {file = "numpy-1.26.3-cp311-cp311-win32.whl", hash = "sha256:7ca4f24341df071877849eb2034948459ce3a07915c2734f1abb4018d9c49d7b"},
    {file = "numpy-1.26.3-cp311-cp311-win_amd64.whl", hash = "sha256:39763aee6dfdd4878032361b30b2b12593fb445ddb66bbac802e2113eb8a6ac4"},
    {file = "numpy-1.26.3-cp312-cp312-macosx_10_9_x86_64.whl", hash = "sha256:a7081fd19a6d573e1a05e600c82a1c421011db7935ed0d5c483e9dd96b99cf13"},
    {file = "numpy-1.26.3-cp312-cp312-macosx_11_0_arm64.whl", hash = "sha256:12c70ac274b32bc00c7f61b515126c9205323703abb99cd41836e8125ea0043e"},
    {file = "numpy-1.26.3-cp312-cp312-manylinux_2_17_aarch64.manylinux2014_aarch64.whl", hash = "sha256:7f784e13e598e9594750b2ef6729bcd5a47f6cfe4a12cca13def35e06d8163e3"},
    {file = "numpy-1.26.3-cp312-cp312-manylinux_2_17_x86_64.manylinux2014_x86_64.whl", hash = "sha256:5f24750ef94d56ce6e33e4019a8a4d68cfdb1ef661a52cdaee628a56d2437419"},
    {file = "numpy-1.26.3-cp312-cp312-musllinux_1_1_aarch64.whl", hash = "sha256:77810ef29e0fb1d289d225cabb9ee6cf4d11978a00bb99f7f8ec2132a84e0166"},
    {file = "numpy-1.26.3-cp312-cp312-musllinux_1_1_x86_64.whl", hash = "sha256:8ed07a90f5450d99dad60d3799f9c03c6566709bd53b497eb9ccad9a55867f36"},
    {file = "numpy-1.26.3-cp312-cp312-win32.whl", hash = "sha256:f73497e8c38295aaa4741bdfa4fda1a5aedda5473074369eca10626835445511"},
    {file = "numpy-1.26.3-cp312-cp312-win_amd64.whl", hash = "sha256:da4b0c6c699a0ad73c810736303f7fbae483bcb012e38d7eb06a5e3b432c981b"},
    {file = "numpy-1.26.3-cp39-cp39-macosx_10_9_x86_64.whl", hash = "sha256:1666f634cb3c80ccbd77ec97bc17337718f56d6658acf5d3b906ca03e90ce87f"},
    {file = "numpy-1.26.3-cp39-cp39-macosx_11_0_arm64.whl", hash = "sha256:18c3319a7d39b2c6a9e3bb75aab2304ab79a811ac0168a671a62e6346c29b03f"},
    {file = "numpy-1.26.3-cp39-cp39-manylinux_2_17_aarch64.manylinux2014_aarch64.whl", hash = "sha256:0b7e807d6888da0db6e7e75838444d62495e2b588b99e90dd80c3459594e857b"},
    {file = "numpy-1.26.3-cp39-cp39-manylinux_2_17_x86_64.manylinux2014_x86_64.whl", hash = "sha256:b4d362e17bcb0011738c2d83e0a65ea8ce627057b2fdda37678f4374a382a137"},
    {file = "numpy-1.26.3-cp39-cp39-musllinux_1_1_aarch64.whl", hash = "sha256:b8c275f0ae90069496068c714387b4a0eba5d531aace269559ff2b43655edd58"},
    {file = "numpy-1.26.3-cp39-cp39-musllinux_1_1_x86_64.whl", hash = "sha256:cc0743f0302b94f397a4a65a660d4cd24267439eb16493fb3caad2e4389bccbb"},
    {file = "numpy-1.26.3-cp39-cp39-win32.whl", hash = "sha256:9bc6d1a7f8cedd519c4b7b1156d98e051b726bf160715b769106661d567b3f03"},
    {file = "numpy-1.26.3-cp39-cp39-win_amd64.whl", hash = "sha256:867e3644e208c8922a3be26fc6bbf112a035f50f0a86497f98f228c50c607bb2"},
    {file = "numpy-1.26.3-pp39-pypy39_pp73-macosx_10_9_x86_64.whl", hash = "sha256:3c67423b3703f8fbd90f5adaa37f85b5794d3366948efe9a5190a5f3a83fc34e"},
    {file = "numpy-1.26.3-pp39-pypy39_pp73-manylinux_2_17_x86_64.manylinux2014_x86_64.whl", hash = "sha256:46f47ee566d98849323f01b349d58f2557f02167ee301e5e28809a8c0e27a2d0"},
    {file = "numpy-1.26.3-pp39-pypy39_pp73-win_amd64.whl", hash = "sha256:a8474703bffc65ca15853d5fd4d06b18138ae90c17c8d12169968e998e448bb5"},
    {file = "numpy-1.26.3.tar.gz", hash = "sha256:697df43e2b6310ecc9d95f05d5ef20eacc09c7c4ecc9da3f235d39e71b7da1e4"},
]

[[package]]
name = "zarr"
version = "2.16.1"
description = "An implementation of chunked, compressed, N-dimensional arrays for Python"
optional = false
python-versions = ">=3.8"
files = [
    {file = "zarr-2.16.1-py3-none-any.whl", hash = "sha256:de4882433ccb5b42cc1ec9872b95e64ca3a13581424666b28ed265ad76c7056f"},
    {file = "zarr-2.16.1.tar.gz", hash = "sha256:4276cf4b4a653431042cd53ff2282bc4d292a6842411e88529964504fb073286"},
]

[package.dependencies]
asciitree = "*"
fasteners = "*"
numcodecs = ">=0.10.0"
numpy = ">=1.20,<1.21.0 || >1.21.0"

[package.extras]
docs = ["numcodecs[msgpack]", "numpydoc", "pydata-sphinx-theme", "sphinx", "sphinx-copybutton", "sphinx-design", "sphinx-issues", "sphinx-rtd-theme"]
jupyter = ["ipytree (>=0.2.2)", "ipywidgets (>=8.0.0)", "notebook"]

[metadata]
lock-version = "2.0"
python-versions = "^3.9"
content-hash = "05a7803a9d25157a1c7b51b6648be0f2b9e9fdd32cbad2b6f6d959730e3d6970"
